
Microsoft Visual Studio Solution File, Format Version 12.00
# Visual Studio Version 17
VisualStudioVersion = 17.10.34916.146
MinimumVisualStudioVersion = 10.0.40219.1
Project("{9A19103F-16F7-4668-BE54-9A1E7A4F7556}") = "WebAPIFixed", "WebAPIFixed\WebAPIFixed.csproj", "{3039F056-2CD8-4C19-9B4E-5C59FF195DE7}"
EndProject
Project("{FAE04EC0-301F-11D3-BF4B-00C04F79EFBC}") = "ClientMVC", "ClientMVC\ClientMVC.csproj", "{1F06A372-7D05-49F9-8B1C-D5BEAFF7C801}"
EndProject
Global
	GlobalSection(SolutionConfigurationPlatforms) = preSolution
		Debug|Any CPU = Debug|Any CPU
		Release|Any CPU = Release|Any CPU
	EndGlobalSection
	GlobalSection(ProjectConfigurationPlatforms) = postSolution
		{3039F056-2CD8-4C19-9B4E-5C59FF195DE7}.Debug|Any CPU.ActiveCfg = Debug|Any CPU
		{3039F056-2CD8-4C19-9B4E-5C59FF195DE7}.Debug|Any CPU.Build.0 = Debug|Any CPU
		{3039F056-2CD8-4C19-9B4E-5C59FF195DE7}.Release|Any CPU.ActiveCfg = Release|Any CPU
		{3039F056-2CD8-4C19-9B4E-5C59FF195DE7}.Release|Any CPU.Build.0 = Release|Any CPU
		{1F06A372-7D05-49F9-8B1C-D5BEAFF7C801}.Debug|Any CPU.ActiveCfg = Debug|Any CPU
		{1F06A372-7D05-49F9-8B1C-D5BEAFF7C801}.Debug|Any CPU.Build.0 = Debug|Any CPU
		{1F06A372-7D05-49F9-8B1C-D5BEAFF7C801}.Release|Any CPU.ActiveCfg = Release|Any CPU
		{1F06A372-7D05-49F9-8B1C-D5BEAFF7C801}.Release|Any CPU.Build.0 = Release|Any CPU
	EndGlobalSection
	GlobalSection(SolutionProperties) = preSolution
		HideSolutionNode = FALSE
	EndGlobalSection
	GlobalSection(ExtensibilityGlobals) = postSolution
		SolutionGuid = {24FC01D6-B663-4FA1-A2E9-8580FF1AB19D}
	EndGlobalSection
EndGlobal
